
Microsoft Visual Studio Solution File, Format Version 12.00
# Visual Studio Version 17
VisualStudioVersion = 17.0.31903.59
MinimumVisualStudioVersion = 10.0.40219.1
Project("{FAE04EC0-301F-11D3-BF4B-00C04F79EFBC}") = "Payment.Api", "Payment.Api\Payment.Api.csproj", "{2069339D-B1FB-4B5B-BDA6-B800BE3ACF2F}"
EndProject
Project("{FAE04EC0-301F-11D3-BF4B-00C04F79EFBC}") = "Payment.Core", "Payment.Core\Payment.Core.csproj", "{922D89A5-C5B4-40ED-95E1-93FD3B01F708}"
EndProject
Project("{FAE04EC0-301F-11D3-BF4B-00C04F79EFBC}") = "Payment.Infrastructure", "Payment.Infrastructure\Payment.Infrastructure.csproj", "{44D21CEA-B4E7-4142-87BF-B2EFFCD630C2}"
EndProject
Project("{2150E333-8FDC-42A3-9474-1A3956D46DE8}") = "Payment.Tests", "Payment.Tests", "{C6564EA2-5B29-4355-BEE6-0BCA762AB0EF}"
EndProject
Project("{FAE04EC0-301F-11D3-BF4B-00C04F79EFBC}") = "PaymentUnitTest", "Payment.Tests\PaymentUnitTest\PaymentUnitTest.csproj", "{2C3C0D2E-DB3E-4EF8-A884-0833CEF372B9}"
EndProject
Project("{FAE04EC0-301F-11D3-BF4B-00C04F79EFBC}") = "PaymentIntegrationTest", "Payment.Tests\PaymentIntegrationTest\PaymentIntegrationTest.csproj", "{66E2FC92-0187-4F9E-8F33-722E2833D8CC}"
EndProject
Global
	GlobalSection(SolutionConfigurationPlatforms) = preSolution
		Debug|Any CPU = Debug|Any CPU
		Release|Any CPU = Release|Any CPU
	EndGlobalSection
	GlobalSection(SolutionProperties) = preSolution
		HideSolutionNode = FALSE
	EndGlobalSection
	GlobalSection(ProjectConfigurationPlatforms) = postSolution
		{2069339D-B1FB-4B5B-BDA6-B800BE3ACF2F}.Debug|Any CPU.ActiveCfg = Debug|Any CPU
		{2069339D-B1FB-4B5B-BDA6-B800BE3ACF2F}.Debug|Any CPU.Build.0 = Debug|Any CPU
		{2069339D-B1FB-4B5B-BDA6-B800BE3ACF2F}.Release|Any CPU.ActiveCfg = Release|Any CPU
		{2069339D-B1FB-4B5B-BDA6-B800BE3ACF2F}.Release|Any CPU.Build.0 = Release|Any CPU
		{922D89A5-C5B4-40ED-95E1-93FD3B01F708}.Debug|Any CPU.ActiveCfg = Debug|Any CPU
		{922D89A5-C5B4-40ED-95E1-93FD3B01F708}.Debug|Any CPU.Build.0 = Debug|Any CPU
		{922D89A5-C5B4-40ED-95E1-93FD3B01F708}.Release|Any CPU.ActiveCfg = Release|Any CPU
		{922D89A5-C5B4-40ED-95E1-93FD3B01F708}.Release|Any CPU.Build.0 = Release|Any CPU
		{44D21CEA-B4E7-4142-87BF-B2EFFCD630C2}.Debug|Any CPU.ActiveCfg = Debug|Any CPU
		{44D21CEA-B4E7-4142-87BF-B2EFFCD630C2}.Debug|Any CPU.Build.0 = Debug|Any CPU
		{44D21CEA-B4E7-4142-87BF-B2EFFCD630C2}.Release|Any CPU.ActiveCfg = Release|Any CPU
		{44D21CEA-B4E7-4142-87BF-B2EFFCD630C2}.Release|Any CPU.Build.0 = Release|Any CPU
		{2C3C0D2E-DB3E-4EF8-A884-0833CEF372B9}.Debug|Any CPU.ActiveCfg = Debug|Any CPU
		{2C3C0D2E-DB3E-4EF8-A884-0833CEF372B9}.Debug|Any CPU.Build.0 = Debug|Any CPU
		{2C3C0D2E-DB3E-4EF8-A884-0833CEF372B9}.Release|Any CPU.ActiveCfg = Release|Any CPU
		{2C3C0D2E-DB3E-4EF8-A884-0833CEF372B9}.Release|Any CPU.Build.0 = Release|Any CPU
		{66E2FC92-0187-4F9E-8F33-722E2833D8CC}.Debug|Any CPU.ActiveCfg = Debug|Any CPU
		{66E2FC92-0187-4F9E-8F33-722E2833D8CC}.Debug|Any CPU.Build.0 = Debug|Any CPU
		{66E2FC92-0187-4F9E-8F33-722E2833D8CC}.Release|Any CPU.ActiveCfg = Release|Any CPU
		{66E2FC92-0187-4F9E-8F33-722E2833D8CC}.Release|Any CPU.Build.0 = Release|Any CPU
	EndGlobalSection
	GlobalSection(NestedProjects) = preSolution
		{2C3C0D2E-DB3E-4EF8-A884-0833CEF372B9} = {C6564EA2-5B29-4355-BEE6-0BCA762AB0EF}
		{66E2FC92-0187-4F9E-8F33-722E2833D8CC} = {C6564EA2-5B29-4355-BEE6-0BCA762AB0EF}
	EndGlobalSection
EndGlobal
