
Microsoft Visual Studio Solution File, Format Version 12.00
# Visual Studio Version 17
VisualStudioVersion = 17.0.31903.59
MinimumVisualStudioVersion = 10.0.40219.1
Project("{2150E333-8FDC-42A3-9474-1A3956D46DE8}") = "src", "src", "{9BC46A51-4C3C-4281-8EC8-20AB0DBFEF26}"
EndProject
Project("{2150E333-8FDC-42A3-9474-1A3956D46DE8}") = "Gateways", "Gateways", "{9E3C6040-7909-4A42-8DD3-6236E635440A}"
EndProject
Project("{2150E333-8FDC-42A3-9474-1A3956D46DE8}") = "Web", "Web", "{C1F4E5A7-8719-4C9D-B525-21275CF638BC}"
EndProject
Project("{FAE04EC0-301F-11D3-BF4B-00C04F79EFBC}") = "Web.Gateway.Api", "src\Gateways\Web\Web.Gateway.Api\Web.Gateway.Api.csproj", "{C346DE42-DEDA-4BEF-B432-DD4F3D88BEC0}"
EndProject
Project("{FAE04EC0-301F-11D3-BF4B-00C04F79EFBC}") = "Web.Gateway.Core", "src\Gateways\Web\Web.Gateway.Core\Web.Gateway.Core.csproj", "{0DC21026-EEDB-4353-91C6-B259286FC30A}"
EndProject
Project("{FAE04EC0-301F-11D3-BF4B-00C04F79EFBC}") = "Web.Gateway.Infrastructure", "src\Gateways\Web\Web.Gateway.Infrastructure\Web.Gateway.Infrastructure.csproj", "{C5EA5DF5-9D79-47B6-8418-C61A23E86A53}"
EndProject
Project("{2150E333-8FDC-42A3-9474-1A3956D46DE8}") = "Web.Gateway.Tests", "Web.Gateway.Tests", "{BEFF8861-ABC7-474A-8C43-4C20D1AE5370}"
EndProject
Project("{FAE04EC0-301F-11D3-BF4B-00C04F79EFBC}") = "GatewayIntegrationTest", "src\Gateways\Web\Web.Gateway.Tests\GatewayIntegrationTest\GatewayIntegrationTest.csproj", "{D761CC4E-437E-410B-892D-E0757F372BC8}"
EndProject
Project("{2150E333-8FDC-42A3-9474-1A3956D46DE8}") = "Services", "Services", "{7BA9E1F2-4138-4A82-BF6D-C92C8E8D9933}"
EndProject
Project("{2150E333-8FDC-42A3-9474-1A3956D46DE8}") = "Basket", "Basket", "{E8231484-B012-408A-B546-8C3B9F00A36C}"
EndProject
Project("{FAE04EC0-301F-11D3-BF4B-00C04F79EFBC}") = "Basket.Api", "src\Services\Basket\Basket.Api\Basket.Api.csproj", "{287F41D5-90E9-4F89-83B1-37240F273DF0}"
EndProject
Project("{FAE04EC0-301F-11D3-BF4B-00C04F79EFBC}") = "Basket.Core", "src\Services\Basket\Basket.Core\Basket.Core.csproj", "{1FC2DA90-CEB0-4B6F-99E1-1E1ECF0F9CC5}"
EndProject
Project("{FAE04EC0-301F-11D3-BF4B-00C04F79EFBC}") = "Basket.Infrastructure", "src\Services\Basket\Basket.Infrastructure\Basket.Infrastructure.csproj", "{92C3384F-D4D7-4AE4-9D8E-9112B901FDA4}"
EndProject
Project("{2150E333-8FDC-42A3-9474-1A3956D46DE8}") = "Basket.Tests", "Basket.Tests", "{6D06FD92-1AED-4615-920A-EB9A888A7BA9}"
EndProject
Project("{FAE04EC0-301F-11D3-BF4B-00C04F79EFBC}") = "BasketIntegrationTest", "src\Services\Basket\Basket.Tests\BasketIntegrationTest\BasketIntegrationTest.csproj", "{141F72E1-01B3-486B-852E-257FCB27F680}"
EndProject
Project("{FAE04EC0-301F-11D3-BF4B-00C04F79EFBC}") = "BasketUnitTest", "src\Services\Basket\Basket.Tests\BasketUnitTest\BasketUnitTest.csproj", "{573CD51F-425C-48CD-9CA6-A33DBA313345}"
EndProject
Project("{2150E333-8FDC-42A3-9474-1A3956D46DE8}") = "Catalog", "Catalog", "{ACEC7116-B3D4-4057-AE35-84D2BE8B78CD}"
EndProject
Project("{FAE04EC0-301F-11D3-BF4B-00C04F79EFBC}") = "Catalog.Api", "src\Services\Catalog\Catalog.Api\Catalog.Api.csproj", "{6A6F3288-0E09-4048-80A4-3E540EEF5BBA}"
EndProject
Project("{FAE04EC0-301F-11D3-BF4B-00C04F79EFBC}") = "Catalog.Core", "src\Services\Catalog\Catalog.Core\Catalog.Core.csproj", "{1FC7583E-04B2-4EAE-8FD4-D8BFA6525A48}"
EndProject
Project("{FAE04EC0-301F-11D3-BF4B-00C04F79EFBC}") = "Catalog.Infrastructure", "src\Services\Catalog\Catalog.Infrastructure\Catalog.Infrastructure.csproj", "{48201380-E14A-4726-9FB3-AA36CBDE10F2}"
EndProject
Project("{2150E333-8FDC-42A3-9474-1A3956D46DE8}") = "Catalog.Tests", "Catalog.Tests", "{88507D1D-008A-4AB2-B0C8-0A95D3E0CDFA}"
EndProject
Project("{FAE04EC0-301F-11D3-BF4B-00C04F79EFBC}") = "CatalogIntegrationTest", "src\Services\Catalog\Catalog.Tests\CatalogIntegrationTest\CatalogIntegrationTest.csproj", "{A05A6486-DBB9-4D96-A04E-2A3854A59869}"
EndProject
Project("{FAE04EC0-301F-11D3-BF4B-00C04F79EFBC}") = "CatalogUnitTest", "src\Services\Catalog\Catalog.Tests\CatalogUnitTest\CatalogUnitTest.csproj", "{C2FC559C-143F-4859-B68E-7E3268192067}"
EndProject
Project("{2150E333-8FDC-42A3-9474-1A3956D46DE8}") = "Inventory", "Inventory", "{9B7766EF-61DF-4C49-ACED-F218A675ED37}"
EndProject
Project("{FAE04EC0-301F-11D3-BF4B-00C04F79EFBC}") = "Inventory.Api", "src\Services\Inventory\Inventory.Api\Inventory.Api.csproj", "{ABF22E1F-A6BE-46EE-B271-6860B2C34D4E}"
EndProject
Project("{FAE04EC0-301F-11D3-BF4B-00C04F79EFBC}") = "Inventory.Core", "src\Services\Inventory\Inventory.Core\Inventory.Core.csproj", "{59A425DB-0C37-4D0F-9A5D-110DFD2D7DFC}"
EndProject
Project("{FAE04EC0-301F-11D3-BF4B-00C04F79EFBC}") = "Inventory.Infrastructure", "src\Services\Inventory\Inventory.Infrastructure\Inventory.Infrastructure.csproj", "{6F68CF44-B2A4-47C6-AE3F-6D7ECEA4D288}"
EndProject
Project("{2150E333-8FDC-42A3-9474-1A3956D46DE8}") = "Inventory.Tests", "Inventory.Tests", "{A84A89A0-8F55-4BC4-9587-F66F23A000C6}"
EndProject
Project("{FAE04EC0-301F-11D3-BF4B-00C04F79EFBC}") = "InventoryIntegrationTest", "src\Services\Inventory\Inventory.Tests\InventoryIntegrationTest\InventoryIntegrationTest.csproj", "{DA4B7EED-DF48-4F4E-916F-13DDC55F0E13}"
EndProject
Project("{FAE04EC0-301F-11D3-BF4B-00C04F79EFBC}") = "InventoryUnitTest", "src\Services\Inventory\Inventory.Tests\InventoryUnitTest\InventoryUnitTest.csproj", "{9B698FF2-A5FD-4063-81A8-693ED08769C3}"
EndProject
Project("{2150E333-8FDC-42A3-9474-1A3956D46DE8}") = "Order", "Order", "{98549BCB-5B58-4BA5-ACEB-E0CD1FBF9491}"
EndProject
Project("{FAE04EC0-301F-11D3-BF4B-00C04F79EFBC}") = "Order.Api", "src\Services\Order\Order.Api\Order.Api.csproj", "{1711D60D-55DE-4735-82C9-CFCF4A5BC78A}"
EndProject
Project("{FAE04EC0-301F-11D3-BF4B-00C04F79EFBC}") = "Order.Core", "src\Services\Order\Order.Core\Order.Core.csproj", "{36F6B549-681C-4163-9CE4-E5000EE54D13}"
EndProject
Project("{FAE04EC0-301F-11D3-BF4B-00C04F79EFBC}") = "Order.Infrastructure", "src\Services\Order\Order.Infrastructure\Order.Infrastructure.csproj", "{281ED8A5-2FB8-4083-A4F2-3D3CE2083CB7}"
EndProject
Project("{2150E333-8FDC-42A3-9474-1A3956D46DE8}") = "Order.Tests", "Order.Tests", "{7F8D6A51-10D7-4CAF-9024-B8CE6E35D027}"
EndProject
Project("{FAE04EC0-301F-11D3-BF4B-00C04F79EFBC}") = "OrderIntegrationTest", "src\Services\Order\Order.Tests\OrderIntegrationTest\OrderIntegrationTest.csproj", "{AE561B0D-0D58-4DB3-883C-C8EE75B7EF6A}"
EndProject
Project("{FAE04EC0-301F-11D3-BF4B-00C04F79EFBC}") = "OrderUnitTest", "src\Services\Order\Order.Tests\OrderUnitTest\OrderUnitTest.csproj", "{8A185EF0-2FC0-4839-84D9-268990BDE54A}"
EndProject
Project("{2150E333-8FDC-42A3-9474-1A3956D46DE8}") = "Payment", "Payment", "{2FB51143-DC01-4452-AB03-1B459029F908}"
EndProject
Project("{FAE04EC0-301F-11D3-BF4B-00C04F79EFBC}") = "Payment.Api", "src\Services\Payment\Payment.Api\Payment.Api.csproj", "{30F191FB-3CC6-4F1C-B684-6C7DD8DC18F2}"
EndProject
Project("{FAE04EC0-301F-11D3-BF4B-00C04F79EFBC}") = "Payment.Core", "src\Services\Payment\Payment.Core\Payment.Core.csproj", "{A825341A-6CFB-41A6-BBAD-6B6D80CF46EE}"
EndProject
Project("{FAE04EC0-301F-11D3-BF4B-00C04F79EFBC}") = "Payment.Infrastructure", "src\Services\Payment\Payment.Infrastructure\Payment.Infrastructure.csproj", "{6927FCA9-682A-46AE-BBB0-E52CF4D8833A}"
EndProject
Project("{2150E333-8FDC-42A3-9474-1A3956D46DE8}") = "Payment.Tests", "Payment.Tests", "{5CF90144-4322-4292-927E-FA19734AB4E5}"
EndProject
Project("{FAE04EC0-301F-11D3-BF4B-00C04F79EFBC}") = "PaymentIntegrationTest", "src\Services\Payment\Payment.Tests\PaymentIntegrationTest\PaymentIntegrationTest.csproj", "{1AF3C76C-AA47-4B6F-827D-8C173930DCD7}"
EndProject
Project("{FAE04EC0-301F-11D3-BF4B-00C04F79EFBC}") = "PaymentUnitTest", "src\Services\Payment\Payment.Tests\PaymentUnitTest\PaymentUnitTest.csproj", "{D9FAD9E3-CED9-4EC6-AC19-0E5C871176AB}"
EndProject
Project("{2150E333-8FDC-42A3-9474-1A3956D46DE8}") = "User", "User", "{9ECA7250-1828-4665-B980-73D38CDCF1B9}"
EndProject
Project("{FAE04EC0-301F-11D3-BF4B-00C04F79EFBC}") = "User.Api", "src\Services\User\User.Api\User.Api.csproj", "{241364BF-7675-4B0F-9108-A5B55900089E}"
EndProject
Project("{FAE04EC0-301F-11D3-BF4B-00C04F79EFBC}") = "User.Core", "src\Services\User\User.Core\User.Core.csproj", "{5C0A37B8-79C9-466A-9826-A5F34C59EF49}"
EndProject
Project("{FAE04EC0-301F-11D3-BF4B-00C04F79EFBC}") = "User.Infrastructure", "src\Services\User\User.Infrastructure\User.Infrastructure.csproj", "{37BD1CDB-FE2E-48AC-82A3-EDA4BFCAE02C}"
EndProject
Project("{2150E333-8FDC-42A3-9474-1A3956D46DE8}") = "User.Tests", "User.Tests", "{57E91294-9B8D-4798-9E1E-CFF993BFED81}"
EndProject
Project("{FAE04EC0-301F-11D3-BF4B-00C04F79EFBC}") = "UserIntegrationTest", "src\Services\User\User.Tests\UserIntegrationTest\UserIntegrationTest.csproj", "{46A0ED3B-A78E-4E74-8E4E-C7340D1C35A2}"
EndProject
Project("{FAE04EC0-301F-11D3-BF4B-00C04F79EFBC}") = "UserUnitTest", "src\Services\User\User.Tests\UserUnitTest\UserUnitTest.csproj", "{F01452B1-B276-49F9-B85F-4A005FC5EEB4}"
EndProject
Project("{2150E333-8FDC-42A3-9474-1A3956D46DE8}") = "UserManagement", "UserManagement", "{217FF94C-C346-4ABF-9A0C-9FDC3501E859}"
EndProject
Project("{FAE04EC0-301F-11D3-BF4B-00C04F79EFBC}") = "UserManagement.Api", "src\Services\UserManagement\UserManagement.Api\UserManagement.Api.csproj", "{6FDA196D-A817-41A9-A459-F15C7C40BDE2}"
EndProject
Project("{FAE04EC0-301F-11D3-BF4B-00C04F79EFBC}") = "UserManagement.Core", "src\Services\UserManagement\UserManagement.Core\UserManagement.Core.csproj", "{700E248B-BF96-47F4-B828-792F84F92987}"
EndProject
Project("{FAE04EC0-301F-11D3-BF4B-00C04F79EFBC}") = "UserManagement.Infrastructure", "src\Services\UserManagement\UserManagement.Infrastructure\UserManagement.Infrastructure.csproj", "{C93EE5A6-0D4A-416A-A8FE-6A4CFDBE0A28}"
EndProject
Project("{2150E333-8FDC-42A3-9474-1A3956D46DE8}") = "UserManagement.Tests", "UserManagement.Tests", "{36B119D7-8243-4276-B688-B735E39FB2D3}"
EndProject
Project("{FAE04EC0-301F-11D3-BF4B-00C04F79EFBC}") = "UserManagementIntegrationTest", "src\Services\UserManagement\UserManagement.Tests\UserManagementIntegrationTest\UserManagementIntegrationTest.csproj", "{9AD66CD1-5440-452D-8B04-1BB014CD5378}"
EndProject
Project("{FAE04EC0-301F-11D3-BF4B-00C04F79EFBC}") = "UserManagementUnitTest", "src\Services\UserManagement\UserManagement.Tests\UserManagementUnitTest\UserManagementUnitTest.csproj", "{358E00E0-88BF-46D0-A9B8-5E5DFC4845D0}"
EndProject
Global
	GlobalSection(SolutionConfigurationPlatforms) = preSolution
		Debug|Any CPU = Debug|Any CPU
		Release|Any CPU = Release|Any CPU
	EndGlobalSection
	GlobalSection(SolutionProperties) = preSolution
		HideSolutionNode = FALSE
	EndGlobalSection
	GlobalSection(ProjectConfigurationPlatforms) = postSolution
		{C346DE42-DEDA-4BEF-B432-DD4F3D88BEC0}.Debug|Any CPU.ActiveCfg = Debug|Any CPU
		{C346DE42-DEDA-4BEF-B432-DD4F3D88BEC0}.Debug|Any CPU.Build.0 = Debug|Any CPU
		{C346DE42-DEDA-4BEF-B432-DD4F3D88BEC0}.Release|Any CPU.ActiveCfg = Release|Any CPU
		{C346DE42-DEDA-4BEF-B432-DD4F3D88BEC0}.Release|Any CPU.Build.0 = Release|Any CPU
		{0DC21026-EEDB-4353-91C6-B259286FC30A}.Debug|Any CPU.ActiveCfg = Debug|Any CPU
		{0DC21026-EEDB-4353-91C6-B259286FC30A}.Debug|Any CPU.Build.0 = Debug|Any CPU
		{0DC21026-EEDB-4353-91C6-B259286FC30A}.Release|Any CPU.ActiveCfg = Release|Any CPU
		{0DC21026-EEDB-4353-91C6-B259286FC30A}.Release|Any CPU.Build.0 = Release|Any CPU
		{C5EA5DF5-9D79-47B6-8418-C61A23E86A53}.Debug|Any CPU.ActiveCfg = Debug|Any CPU
		{C5EA5DF5-9D79-47B6-8418-C61A23E86A53}.Debug|Any CPU.Build.0 = Debug|Any CPU
		{C5EA5DF5-9D79-47B6-8418-C61A23E86A53}.Release|Any CPU.ActiveCfg = Release|Any CPU
		{C5EA5DF5-9D79-47B6-8418-C61A23E86A53}.Release|Any CPU.Build.0 = Release|Any CPU
		{D761CC4E-437E-410B-892D-E0757F372BC8}.Debug|Any CPU.ActiveCfg = Debug|Any CPU
		{D761CC4E-437E-410B-892D-E0757F372BC8}.Debug|Any CPU.Build.0 = Debug|Any CPU
		{D761CC4E-437E-410B-892D-E0757F372BC8}.Release|Any CPU.ActiveCfg = Release|Any CPU
		{D761CC4E-437E-410B-892D-E0757F372BC8}.Release|Any CPU.Build.0 = Release|Any CPU
		{287F41D5-90E9-4F89-83B1-37240F273DF0}.Debug|Any CPU.ActiveCfg = Debug|Any CPU
		{287F41D5-90E9-4F89-83B1-37240F273DF0}.Debug|Any CPU.Build.0 = Debug|Any CPU
		{287F41D5-90E9-4F89-83B1-37240F273DF0}.Release|Any CPU.ActiveCfg = Release|Any CPU
		{287F41D5-90E9-4F89-83B1-37240F273DF0}.Release|Any CPU.Build.0 = Release|Any CPU
		{1FC2DA90-CEB0-4B6F-99E1-1E1ECF0F9CC5}.Debug|Any CPU.ActiveCfg = Debug|Any CPU
		{1FC2DA90-CEB0-4B6F-99E1-1E1ECF0F9CC5}.Debug|Any CPU.Build.0 = Debug|Any CPU
		{1FC2DA90-CEB0-4B6F-99E1-1E1ECF0F9CC5}.Release|Any CPU.ActiveCfg = Release|Any CPU
		{1FC2DA90-CEB0-4B6F-99E1-1E1ECF0F9CC5}.Release|Any CPU.Build.0 = Release|Any CPU
		{92C3384F-D4D7-4AE4-9D8E-9112B901FDA4}.Debug|Any CPU.ActiveCfg = Debug|Any CPU
		{92C3384F-D4D7-4AE4-9D8E-9112B901FDA4}.Debug|Any CPU.Build.0 = Debug|Any CPU
		{92C3384F-D4D7-4AE4-9D8E-9112B901FDA4}.Release|Any CPU.ActiveCfg = Release|Any CPU
		{92C3384F-D4D7-4AE4-9D8E-9112B901FDA4}.Release|Any CPU.Build.0 = Release|Any CPU
		{141F72E1-01B3-486B-852E-257FCB27F680}.Debug|Any CPU.ActiveCfg = Debug|Any CPU
		{141F72E1-01B3-486B-852E-257FCB27F680}.Debug|Any CPU.Build.0 = Debug|Any CPU
		{141F72E1-01B3-486B-852E-257FCB27F680}.Release|Any CPU.ActiveCfg = Release|Any CPU
		{141F72E1-01B3-486B-852E-257FCB27F680}.Release|Any CPU.Build.0 = Release|Any CPU
		{573CD51F-425C-48CD-9CA6-A33DBA313345}.Debug|Any CPU.ActiveCfg = Debug|Any CPU
		{573CD51F-425C-48CD-9CA6-A33DBA313345}.Debug|Any CPU.Build.0 = Debug|Any CPU
		{573CD51F-425C-48CD-9CA6-A33DBA313345}.Release|Any CPU.ActiveCfg = Release|Any CPU
		{573CD51F-425C-48CD-9CA6-A33DBA313345}.Release|Any CPU.Build.0 = Release|Any CPU
		{6A6F3288-0E09-4048-80A4-3E540EEF5BBA}.Debug|Any CPU.ActiveCfg = Debug|Any CPU
		{6A6F3288-0E09-4048-80A4-3E540EEF5BBA}.Debug|Any CPU.Build.0 = Debug|Any CPU
		{6A6F3288-0E09-4048-80A4-3E540EEF5BBA}.Release|Any CPU.ActiveCfg = Release|Any CPU
		{6A6F3288-0E09-4048-80A4-3E540EEF5BBA}.Release|Any CPU.Build.0 = Release|Any CPU
		{1FC7583E-04B2-4EAE-8FD4-D8BFA6525A48}.Debug|Any CPU.ActiveCfg = Debug|Any CPU
		{1FC7583E-04B2-4EAE-8FD4-D8BFA6525A48}.Debug|Any CPU.Build.0 = Debug|Any CPU
		{1FC7583E-04B2-4EAE-8FD4-D8BFA6525A48}.Release|Any CPU.ActiveCfg = Release|Any CPU
		{1FC7583E-04B2-4EAE-8FD4-D8BFA6525A48}.Release|Any CPU.Build.0 = Release|Any CPU
		{48201380-E14A-4726-9FB3-AA36CBDE10F2}.Debug|Any CPU.ActiveCfg = Debug|Any CPU
		{48201380-E14A-4726-9FB3-AA36CBDE10F2}.Debug|Any CPU.Build.0 = Debug|Any CPU
		{48201380-E14A-4726-9FB3-AA36CBDE10F2}.Release|Any CPU.ActiveCfg = Release|Any CPU
		{48201380-E14A-4726-9FB3-AA36CBDE10F2}.Release|Any CPU.Build.0 = Release|Any CPU
		{A05A6486-DBB9-4D96-A04E-2A3854A59869}.Debug|Any CPU.ActiveCfg = Debug|Any CPU
		{A05A6486-DBB9-4D96-A04E-2A3854A59869}.Debug|Any CPU.Build.0 = Debug|Any CPU
		{A05A6486-DBB9-4D96-A04E-2A3854A59869}.Release|Any CPU.ActiveCfg = Release|Any CPU
		{A05A6486-DBB9-4D96-A04E-2A3854A59869}.Release|Any CPU.Build.0 = Release|Any CPU
		{C2FC559C-143F-4859-B68E-7E3268192067}.Debug|Any CPU.ActiveCfg = Debug|Any CPU
		{C2FC559C-143F-4859-B68E-7E3268192067}.Debug|Any CPU.Build.0 = Debug|Any CPU
		{C2FC559C-143F-4859-B68E-7E3268192067}.Release|Any CPU.ActiveCfg = Release|Any CPU
		{C2FC559C-143F-4859-B68E-7E3268192067}.Release|Any CPU.Build.0 = Release|Any CPU
		{ABF22E1F-A6BE-46EE-B271-6860B2C34D4E}.Debug|Any CPU.ActiveCfg = Debug|Any CPU
		{ABF22E1F-A6BE-46EE-B271-6860B2C34D4E}.Debug|Any CPU.Build.0 = Debug|Any CPU
		{ABF22E1F-A6BE-46EE-B271-6860B2C34D4E}.Release|Any CPU.ActiveCfg = Release|Any CPU
		{ABF22E1F-A6BE-46EE-B271-6860B2C34D4E}.Release|Any CPU.Build.0 = Release|Any CPU
		{59A425DB-0C37-4D0F-9A5D-110DFD2D7DFC}.Debug|Any CPU.ActiveCfg = Debug|Any CPU
		{59A425DB-0C37-4D0F-9A5D-110DFD2D7DFC}.Debug|Any CPU.Build.0 = Debug|Any CPU
		{59A425DB-0C37-4D0F-9A5D-110DFD2D7DFC}.Release|Any CPU.ActiveCfg = Release|Any CPU
		{59A425DB-0C37-4D0F-9A5D-110DFD2D7DFC}.Release|Any CPU.Build.0 = Release|Any CPU
		{6F68CF44-B2A4-47C6-AE3F-6D7ECEA4D288}.Debug|Any CPU.ActiveCfg = Debug|Any CPU
		{6F68CF44-B2A4-47C6-AE3F-6D7ECEA4D288}.Debug|Any CPU.Build.0 = Debug|Any CPU
		{6F68CF44-B2A4-47C6-AE3F-6D7ECEA4D288}.Release|Any CPU.ActiveCfg = Release|Any CPU
		{6F68CF44-B2A4-47C6-AE3F-6D7ECEA4D288}.Release|Any CPU.Build.0 = Release|Any CPU
		{DA4B7EED-DF48-4F4E-916F-13DDC55F0E13}.Debug|Any CPU.ActiveCfg = Debug|Any CPU
		{DA4B7EED-DF48-4F4E-916F-13DDC55F0E13}.Debug|Any CPU.Build.0 = Debug|Any CPU
		{DA4B7EED-DF48-4F4E-916F-13DDC55F0E13}.Release|Any CPU.ActiveCfg = Release|Any CPU
		{DA4B7EED-DF48-4F4E-916F-13DDC55F0E13}.Release|Any CPU.Build.0 = Release|Any CPU
		{9B698FF2-A5FD-4063-81A8-693ED08769C3}.Debug|Any CPU.ActiveCfg = Debug|Any CPU
		{9B698FF2-A5FD-4063-81A8-693ED08769C3}.Debug|Any CPU.Build.0 = Debug|Any CPU
		{9B698FF2-A5FD-4063-81A8-693ED08769C3}.Release|Any CPU.ActiveCfg = Release|Any CPU
		{9B698FF2-A5FD-4063-81A8-693ED08769C3}.Release|Any CPU.Build.0 = Release|Any CPU
		{1711D60D-55DE-4735-82C9-CFCF4A5BC78A}.Debug|Any CPU.ActiveCfg = Debug|Any CPU
		{1711D60D-55DE-4735-82C9-CFCF4A5BC78A}.Debug|Any CPU.Build.0 = Debug|Any CPU
		{1711D60D-55DE-4735-82C9-CFCF4A5BC78A}.Release|Any CPU.ActiveCfg = Release|Any CPU
		{1711D60D-55DE-4735-82C9-CFCF4A5BC78A}.Release|Any CPU.Build.0 = Release|Any CPU
		{36F6B549-681C-4163-9CE4-E5000EE54D13}.Debug|Any CPU.ActiveCfg = Debug|Any CPU
		{36F6B549-681C-4163-9CE4-E5000EE54D13}.Debug|Any CPU.Build.0 = Debug|Any CPU
		{36F6B549-681C-4163-9CE4-E5000EE54D13}.Release|Any CPU.ActiveCfg = Release|Any CPU
		{36F6B549-681C-4163-9CE4-E5000EE54D13}.Release|Any CPU.Build.0 = Release|Any CPU
		{281ED8A5-2FB8-4083-A4F2-3D3CE2083CB7}.Debug|Any CPU.ActiveCfg = Debug|Any CPU
		{281ED8A5-2FB8-4083-A4F2-3D3CE2083CB7}.Debug|Any CPU.Build.0 = Debug|Any CPU
		{281ED8A5-2FB8-4083-A4F2-3D3CE2083CB7}.Release|Any CPU.ActiveCfg = Release|Any CPU
		{281ED8A5-2FB8-4083-A4F2-3D3CE2083CB7}.Release|Any CPU.Build.0 = Release|Any CPU
		{AE561B0D-0D58-4DB3-883C-C8EE75B7EF6A}.Debug|Any CPU.ActiveCfg = Debug|Any CPU
		{AE561B0D-0D58-4DB3-883C-C8EE75B7EF6A}.Debug|Any CPU.Build.0 = Debug|Any CPU
		{AE561B0D-0D58-4DB3-883C-C8EE75B7EF6A}.Release|Any CPU.ActiveCfg = Release|Any CPU
		{AE561B0D-0D58-4DB3-883C-C8EE75B7EF6A}.Release|Any CPU.Build.0 = Release|Any CPU
		{8A185EF0-2FC0-4839-84D9-268990BDE54A}.Debug|Any CPU.ActiveCfg = Debug|Any CPU
		{8A185EF0-2FC0-4839-84D9-268990BDE54A}.Debug|Any CPU.Build.0 = Debug|Any CPU
		{8A185EF0-2FC0-4839-84D9-268990BDE54A}.Release|Any CPU.ActiveCfg = Release|Any CPU
		{8A185EF0-2FC0-4839-84D9-268990BDE54A}.Release|Any CPU.Build.0 = Release|Any CPU
		{30F191FB-3CC6-4F1C-B684-6C7DD8DC18F2}.Debug|Any CPU.ActiveCfg = Debug|Any CPU
		{30F191FB-3CC6-4F1C-B684-6C7DD8DC18F2}.Debug|Any CPU.Build.0 = Debug|Any CPU
		{30F191FB-3CC6-4F1C-B684-6C7DD8DC18F2}.Release|Any CPU.ActiveCfg = Release|Any CPU
		{30F191FB-3CC6-4F1C-B684-6C7DD8DC18F2}.Release|Any CPU.Build.0 = Release|Any CPU
		{A825341A-6CFB-41A6-BBAD-6B6D80CF46EE}.Debug|Any CPU.ActiveCfg = Debug|Any CPU
		{A825341A-6CFB-41A6-BBAD-6B6D80CF46EE}.Debug|Any CPU.Build.0 = Debug|Any CPU
		{A825341A-6CFB-41A6-BBAD-6B6D80CF46EE}.Release|Any CPU.ActiveCfg = Release|Any CPU
		{A825341A-6CFB-41A6-BBAD-6B6D80CF46EE}.Release|Any CPU.Build.0 = Release|Any CPU
		{6927FCA9-682A-46AE-BBB0-E52CF4D8833A}.Debug|Any CPU.ActiveCfg = Debug|Any CPU
		{6927FCA9-682A-46AE-BBB0-E52CF4D8833A}.Debug|Any CPU.Build.0 = Debug|Any CPU
		{6927FCA9-682A-46AE-BBB0-E52CF4D8833A}.Release|Any CPU.ActiveCfg = Release|Any CPU
		{6927FCA9-682A-46AE-BBB0-E52CF4D8833A}.Release|Any CPU.Build.0 = Release|Any CPU
		{1AF3C76C-AA47-4B6F-827D-8C173930DCD7}.Debug|Any CPU.ActiveCfg = Debug|Any CPU
		{1AF3C76C-AA47-4B6F-827D-8C173930DCD7}.Debug|Any CPU.Build.0 = Debug|Any CPU
		{1AF3C76C-AA47-4B6F-827D-8C173930DCD7}.Release|Any CPU.ActiveCfg = Release|Any CPU
		{1AF3C76C-AA47-4B6F-827D-8C173930DCD7}.Release|Any CPU.Build.0 = Release|Any CPU
		{D9FAD9E3-CED9-4EC6-AC19-0E5C871176AB}.Debug|Any CPU.ActiveCfg = Debug|Any CPU
		{D9FAD9E3-CED9-4EC6-AC19-0E5C871176AB}.Debug|Any CPU.Build.0 = Debug|Any CPU
		{D9FAD9E3-CED9-4EC6-AC19-0E5C871176AB}.Release|Any CPU.ActiveCfg = Release|Any CPU
		{D9FAD9E3-CED9-4EC6-AC19-0E5C871176AB}.Release|Any CPU.Build.0 = Release|Any CPU
		{241364BF-7675-4B0F-9108-A5B55900089E}.Debug|Any CPU.ActiveCfg = Debug|Any CPU
		{241364BF-7675-4B0F-9108-A5B55900089E}.Debug|Any CPU.Build.0 = Debug|Any CPU
		{241364BF-7675-4B0F-9108-A5B55900089E}.Release|Any CPU.ActiveCfg = Release|Any CPU
		{241364BF-7675-4B0F-9108-A5B55900089E}.Release|Any CPU.Build.0 = Release|Any CPU
		{5C0A37B8-79C9-466A-9826-A5F34C59EF49}.Debug|Any CPU.ActiveCfg = Debug|Any CPU
		{5C0A37B8-79C9-466A-9826-A5F34C59EF49}.Debug|Any CPU.Build.0 = Debug|Any CPU
		{5C0A37B8-79C9-466A-9826-A5F34C59EF49}.Release|Any CPU.ActiveCfg = Release|Any CPU
		{5C0A37B8-79C9-466A-9826-A5F34C59EF49}.Release|Any CPU.Build.0 = Release|Any CPU
		{37BD1CDB-FE2E-48AC-82A3-EDA4BFCAE02C}.Debug|Any CPU.ActiveCfg = Debug|Any CPU
		{37BD1CDB-FE2E-48AC-82A3-EDA4BFCAE02C}.Debug|Any CPU.Build.0 = Debug|Any CPU
		{37BD1CDB-FE2E-48AC-82A3-EDA4BFCAE02C}.Release|Any CPU.ActiveCfg = Release|Any CPU
		{37BD1CDB-FE2E-48AC-82A3-EDA4BFCAE02C}.Release|Any CPU.Build.0 = Release|Any CPU
		{46A0ED3B-A78E-4E74-8E4E-C7340D1C35A2}.Debug|Any CPU.ActiveCfg = Debug|Any CPU
		{46A0ED3B-A78E-4E74-8E4E-C7340D1C35A2}.Debug|Any CPU.Build.0 = Debug|Any CPU
		{46A0ED3B-A78E-4E74-8E4E-C7340D1C35A2}.Release|Any CPU.ActiveCfg = Release|Any CPU
		{46A0ED3B-A78E-4E74-8E4E-C7340D1C35A2}.Release|Any CPU.Build.0 = Release|Any CPU
		{F01452B1-B276-49F9-B85F-4A005FC5EEB4}.Debug|Any CPU.ActiveCfg = Debug|Any CPU
		{F01452B1-B276-49F9-B85F-4A005FC5EEB4}.Debug|Any CPU.Build.0 = Debug|Any CPU
		{F01452B1-B276-49F9-B85F-4A005FC5EEB4}.Release|Any CPU.ActiveCfg = Release|Any CPU
		{F01452B1-B276-49F9-B85F-4A005FC5EEB4}.Release|Any CPU.Build.0 = Release|Any CPU
		{6FDA196D-A817-41A9-A459-F15C7C40BDE2}.Debug|Any CPU.ActiveCfg = Debug|Any CPU
		{6FDA196D-A817-41A9-A459-F15C7C40BDE2}.Debug|Any CPU.Build.0 = Debug|Any CPU
		{6FDA196D-A817-41A9-A459-F15C7C40BDE2}.Release|Any CPU.ActiveCfg = Release|Any CPU
		{6FDA196D-A817-41A9-A459-F15C7C40BDE2}.Release|Any CPU.Build.0 = Release|Any CPU
		{700E248B-BF96-47F4-B828-792F84F92987}.Debug|Any CPU.ActiveCfg = Debug|Any CPU
		{700E248B-BF96-47F4-B828-792F84F92987}.Debug|Any CPU.Build.0 = Debug|Any CPU
		{700E248B-BF96-47F4-B828-792F84F92987}.Release|Any CPU.ActiveCfg = Release|Any CPU
		{700E248B-BF96-47F4-B828-792F84F92987}.Release|Any CPU.Build.0 = Release|Any CPU
		{C93EE5A6-0D4A-416A-A8FE-6A4CFDBE0A28}.Debug|Any CPU.ActiveCfg = Debug|Any CPU
		{C93EE5A6-0D4A-416A-A8FE-6A4CFDBE0A28}.Debug|Any CPU.Build.0 = Debug|Any CPU
		{C93EE5A6-0D4A-416A-A8FE-6A4CFDBE0A28}.Release|Any CPU.ActiveCfg = Release|Any CPU
		{C93EE5A6-0D4A-416A-A8FE-6A4CFDBE0A28}.Release|Any CPU.Build.0 = Release|Any CPU
		{9AD66CD1-5440-452D-8B04-1BB014CD5378}.Debug|Any CPU.ActiveCfg = Debug|Any CPU
		{9AD66CD1-5440-452D-8B04-1BB014CD5378}.Debug|Any CPU.Build.0 = Debug|Any CPU
		{9AD66CD1-5440-452D-8B04-1BB014CD5378}.Release|Any CPU.ActiveCfg = Release|Any CPU
		{9AD66CD1-5440-452D-8B04-1BB014CD5378}.Release|Any CPU.Build.0 = Release|Any CPU
		{358E00E0-88BF-46D0-A9B8-5E5DFC4845D0}.Debug|Any CPU.ActiveCfg = Debug|Any CPU
		{358E00E0-88BF-46D0-A9B8-5E5DFC4845D0}.Debug|Any CPU.Build.0 = Debug|Any CPU
		{358E00E0-88BF-46D0-A9B8-5E5DFC4845D0}.Release|Any CPU.ActiveCfg = Release|Any CPU
		{358E00E0-88BF-46D0-A9B8-5E5DFC4845D0}.Release|Any CPU.Build.0 = Release|Any CPU
	EndGlobalSection
	GlobalSection(NestedProjects) = preSolution
		{9E3C6040-7909-4A42-8DD3-6236E635440A} = {9BC46A51-4C3C-4281-8EC8-20AB0DBFEF26}
		{C1F4E5A7-8719-4C9D-B525-21275CF638BC} = {9E3C6040-7909-4A42-8DD3-6236E635440A}
		{C346DE42-DEDA-4BEF-B432-DD4F3D88BEC0} = {C1F4E5A7-8719-4C9D-B525-21275CF638BC}
		{0DC21026-EEDB-4353-91C6-B259286FC30A} = {C1F4E5A7-8719-4C9D-B525-21275CF638BC}
		{C5EA5DF5-9D79-47B6-8418-C61A23E86A53} = {C1F4E5A7-8719-4C9D-B525-21275CF638BC}
		{BEFF8861-ABC7-474A-8C43-4C20D1AE5370} = {C1F4E5A7-8719-4C9D-B525-21275CF638BC}
		{D761CC4E-437E-410B-892D-E0757F372BC8} = {BEFF8861-ABC7-474A-8C43-4C20D1AE5370}
		{7BA9E1F2-4138-4A82-BF6D-C92C8E8D9933} = {9BC46A51-4C3C-4281-8EC8-20AB0DBFEF26}
		{E8231484-B012-408A-B546-8C3B9F00A36C} = {7BA9E1F2-4138-4A82-BF6D-C92C8E8D9933}
		{287F41D5-90E9-4F89-83B1-37240F273DF0} = {E8231484-B012-408A-B546-8C3B9F00A36C}
		{1FC2DA90-CEB0-4B6F-99E1-1E1ECF0F9CC5} = {E8231484-B012-408A-B546-8C3B9F00A36C}
		{92C3384F-D4D7-4AE4-9D8E-9112B901FDA4} = {E8231484-B012-408A-B546-8C3B9F00A36C}
		{6D06FD92-1AED-4615-920A-EB9A888A7BA9} = {E8231484-B012-408A-B546-8C3B9F00A36C}
		{141F72E1-01B3-486B-852E-257FCB27F680} = {6D06FD92-1AED-4615-920A-EB9A888A7BA9}
		{573CD51F-425C-48CD-9CA6-A33DBA313345} = {6D06FD92-1AED-4615-920A-EB9A888A7BA9}
		{ACEC7116-B3D4-4057-AE35-84D2BE8B78CD} = {7BA9E1F2-4138-4A82-BF6D-C92C8E8D9933}
		{6A6F3288-0E09-4048-80A4-3E540EEF5BBA} = {ACEC7116-B3D4-4057-AE35-84D2BE8B78CD}
		{1FC7583E-04B2-4EAE-8FD4-D8BFA6525A48} = {ACEC7116-B3D4-4057-AE35-84D2BE8B78CD}
		{48201380-E14A-4726-9FB3-AA36CBDE10F2} = {ACEC7116-B3D4-4057-AE35-84D2BE8B78CD}
		{88507D1D-008A-4AB2-B0C8-0A95D3E0CDFA} = {ACEC7116-B3D4-4057-AE35-84D2BE8B78CD}
		{A05A6486-DBB9-4D96-A04E-2A3854A59869} = {88507D1D-008A-4AB2-B0C8-0A95D3E0CDFA}
		{C2FC559C-143F-4859-B68E-7E3268192067} = {88507D1D-008A-4AB2-B0C8-0A95D3E0CDFA}
		{9B7766EF-61DF-4C49-ACED-F218A675ED37} = {7BA9E1F2-4138-4A82-BF6D-C92C8E8D9933}
		{ABF22E1F-A6BE-46EE-B271-6860B2C34D4E} = {9B7766EF-61DF-4C49-ACED-F218A675ED37}
		{59A425DB-0C37-4D0F-9A5D-110DFD2D7DFC} = {9B7766EF-61DF-4C49-ACED-F218A675ED37}
		{6F68CF44-B2A4-47C6-AE3F-6D7ECEA4D288} = {9B7766EF-61DF-4C49-ACED-F218A675ED37}
		{A84A89A0-8F55-4BC4-9587-F66F23A000C6} = {9B7766EF-61DF-4C49-ACED-F218A675ED37}
		{DA4B7EED-DF48-4F4E-916F-13DDC55F0E13} = {A84A89A0-8F55-4BC4-9587-F66F23A000C6}
		{9B698FF2-A5FD-4063-81A8-693ED08769C3} = {A84A89A0-8F55-4BC4-9587-F66F23A000C6}
		{98549BCB-5B58-4BA5-ACEB-E0CD1FBF9491} = {7BA9E1F2-4138-4A82-BF6D-C92C8E8D9933}
		{1711D60D-55DE-4735-82C9-CFCF4A5BC78A} = {98549BCB-5B58-4BA5-ACEB-E0CD1FBF9491}
		{36F6B549-681C-4163-9CE4-E5000EE54D13} = {98549BCB-5B58-4BA5-ACEB-E0CD1FBF9491}
		{281ED8A5-2FB8-4083-A4F2-3D3CE2083CB7} = {98549BCB-5B58-4BA5-ACEB-E0CD1FBF9491}
		{7F8D6A51-10D7-4CAF-9024-B8CE6E35D027} = {98549BCB-5B58-4BA5-ACEB-E0CD1FBF9491}
		{AE561B0D-0D58-4DB3-883C-C8EE75B7EF6A} = {7F8D6A51-10D7-4CAF-9024-B8CE6E35D027}
		{8A185EF0-2FC0-4839-84D9-268990BDE54A} = {7F8D6A51-10D7-4CAF-9024-B8CE6E35D027}
		{2FB51143-DC01-4452-AB03-1B459029F908} = {7BA9E1F2-4138-4A82-BF6D-C92C8E8D9933}
		{30F191FB-3CC6-4F1C-B684-6C7DD8DC18F2} = {2FB51143-DC01-4452-AB03-1B459029F908}
		{A825341A-6CFB-41A6-BBAD-6B6D80CF46EE} = {2FB51143-DC01-4452-AB03-1B459029F908}
		{6927FCA9-682A-46AE-BBB0-E52CF4D8833A} = {2FB51143-DC01-4452-AB03-1B459029F908}
		{5CF90144-4322-4292-927E-FA19734AB4E5} = {2FB51143-DC01-4452-AB03-1B459029F908}
		{1AF3C76C-AA47-4B6F-827D-8C173930DCD7} = {5CF90144-4322-4292-927E-FA19734AB4E5}
		{D9FAD9E3-CED9-4EC6-AC19-0E5C871176AB} = {5CF90144-4322-4292-927E-FA19734AB4E5}
		{9ECA7250-1828-4665-B980-73D38CDCF1B9} = {7BA9E1F2-4138-4A82-BF6D-C92C8E8D9933}
		{241364BF-7675-4B0F-9108-A5B55900089E} = {9ECA7250-1828-4665-B980-73D38CDCF1B9}
		{5C0A37B8-79C9-466A-9826-A5F34C59EF49} = {9ECA7250-1828-4665-B980-73D38CDCF1B9}
		{37BD1CDB-FE2E-48AC-82A3-EDA4BFCAE02C} = {9ECA7250-1828-4665-B980-73D38CDCF1B9}
		{57E91294-9B8D-4798-9E1E-CFF993BFED81} = {9ECA7250-1828-4665-B980-73D38CDCF1B9}
		{46A0ED3B-A78E-4E74-8E4E-C7340D1C35A2} = {57E91294-9B8D-4798-9E1E-CFF993BFED81}
		{F01452B1-B276-49F9-B85F-4A005FC5EEB4} = {57E91294-9B8D-4798-9E1E-CFF993BFED81}
		{217FF94C-C346-4ABF-9A0C-9FDC3501E859} = {7BA9E1F2-4138-4A82-BF6D-C92C8E8D9933}
		{6FDA196D-A817-41A9-A459-F15C7C40BDE2} = {217FF94C-C346-4ABF-9A0C-9FDC3501E859}
		{700E248B-BF96-47F4-B828-792F84F92987} = {217FF94C-C346-4ABF-9A0C-9FDC3501E859}
		{C93EE5A6-0D4A-416A-A8FE-6A4CFDBE0A28} = {217FF94C-C346-4ABF-9A0C-9FDC3501E859}
		{36B119D7-8243-4276-B688-B735E39FB2D3} = {217FF94C-C346-4ABF-9A0C-9FDC3501E859}
		{9AD66CD1-5440-452D-8B04-1BB014CD5378} = {36B119D7-8243-4276-B688-B735E39FB2D3}
		{358E00E0-88BF-46D0-A9B8-5E5DFC4845D0} = {36B119D7-8243-4276-B688-B735E39FB2D3}
	EndGlobalSection
EndGlobal
